
Microsoft Visual Studio Solution File, Format Version 12.00
# Visual Studio Version 16
VisualStudioVersion = 16.0.28803.202
MinimumVisualStudioVersion = 10.0.40219.1
Project("{9A19103F-16F7-4668-BE54-9A1E7A4F7556}") = "ConsumeAPICore", "ConsumeAPICore\ConsumeAPICore.csproj", "{4B27C072-0551-41EC-8F7D-ED8889B16AAF}"
EndProject
Global
	GlobalSection(SolutionConfigurationPlatforms) = preSolution
		Debug|Any CPU = Debug|Any CPU
		Release|Any CPU = Release|Any CPU
	EndGlobalSection
	GlobalSection(ProjectConfigurationPlatforms) = postSolution
		{4B27C072-0551-41EC-8F7D-ED8889B16AAF}.Debug|Any CPU.ActiveCfg = Debug|Any CPU
		{4B27C072-0551-41EC-8F7D-ED8889B16AAF}.Debug|Any CPU.Build.0 = Debug|Any CPU
		{4B27C072-0551-41EC-8F7D-ED8889B16AAF}.Release|Any CPU.ActiveCfg = Release|Any CPU
		{4B27C072-0551-41EC-8F7D-ED8889B16AAF}.Release|Any CPU.Build.0 = Release|Any CPU
	EndGlobalSection
	GlobalSection(SolutionProperties) = preSolution
		HideSolutionNode = FALSE
	EndGlobalSection
	GlobalSection(ExtensibilityGlobals) = postSolution
		SolutionGuid = {20179858-F6F2-461F-A125-D2FE7CEF5194}
	EndGlobalSection
EndGlobal
